
Microsoft Visual Studio Solution File, Format Version 12.00
# Visual Studio 15
VisualStudioVersion = 15.0.26730.12
MinimumVisualStudioVersion = 10.0.40219.1
Project("{FAE04EC0-301F-11D3-BF4B-00C04F79EFBC}") = "SampleConsoleProject", "SampleConsoleProject\SampleConsoleProject.csproj", "{08A8CD5B-0CB8-4E71-A720-45B1AF258968}"
EndProject
Project("{FAE04EC0-301F-11D3-BF4B-00C04F79EFBC}") = "DBDeployment", "DBDeployment\DBDeployment.csproj", "{0B19F265-2B86-4F17-BE25-BC84FEE1DE07}"
EndProject
Global
	GlobalSection(SolutionConfigurationPlatforms) = preSolution
		Debug|Any CPU = Debug|Any CPU
		Release|Any CPU = Release|Any CPU
	EndGlobalSection
	GlobalSection(ProjectConfigurationPlatforms) = postSolution
		{08A8CD5B-0CB8-4E71-A720-45B1AF258968}.Debug|Any CPU.ActiveCfg = Debug|Any CPU
		{08A8CD5B-0CB8-4E71-A720-45B1AF258968}.Debug|Any CPU.Build.0 = Debug|Any CPU
		{08A8CD5B-0CB8-4E71-A720-45B1AF258968}.Release|Any CPU.ActiveCfg = Release|Any CPU
		{08A8CD5B-0CB8-4E71-A720-45B1AF258968}.Release|Any CPU.Build.0 = Release|Any CPU
		{0B19F265-2B86-4F17-BE25-BC84FEE1DE07}.Debug|Any CPU.ActiveCfg = Debug|Any CPU
		{0B19F265-2B86-4F17-BE25-BC84FEE1DE07}.Debug|Any CPU.Build.0 = Debug|Any CPU
		{0B19F265-2B86-4F17-BE25-BC84FEE1DE07}.Release|Any CPU.ActiveCfg = Release|Any CPU
		{0B19F265-2B86-4F17-BE25-BC84FEE1DE07}.Release|Any CPU.Build.0 = Release|Any CPU
	EndGlobalSection
	GlobalSection(SolutionProperties) = preSolution
		HideSolutionNode = FALSE
	EndGlobalSection
	GlobalSection(ExtensibilityGlobals) = postSolution
		SolutionGuid = {C4441306-3591-4DD0-9167-F4743B849793}
	EndGlobalSection
EndGlobal
